
Microsoft Visual Studio Solution File, Format Version 12.00
# Visual Studio 15
VisualStudioVersion = 15.0.28307.136
MinimumVisualStudioVersion = 10.0.40219.1
Project("{FAE04EC0-301F-11D3-BF4B-00C04F79EFBC}") = "GCCoffeeShop", "GCCoffeeShop\GCCoffeeShop.csproj", "{ADC0C172-7227-4127-85E2-26D092968BDD}"
EndProject
Global
	GlobalSection(SolutionConfigurationPlatforms) = preSolution
		Debug|Any CPU = Debug|Any CPU
		Release|Any CPU = Release|Any CPU
	EndGlobalSection
	GlobalSection(ProjectConfigurationPlatforms) = postSolution
		{ADC0C172-7227-4127-85E2-26D092968BDD}.Debug|Any CPU.ActiveCfg = Debug|Any CPU
		{ADC0C172-7227-4127-85E2-26D092968BDD}.Debug|Any CPU.Build.0 = Debug|Any CPU
		{ADC0C172-7227-4127-85E2-26D092968BDD}.Release|Any CPU.ActiveCfg = Release|Any CPU
		{ADC0C172-7227-4127-85E2-26D092968BDD}.Release|Any CPU.Build.0 = Release|Any CPU
	EndGlobalSection
	GlobalSection(SolutionProperties) = preSolution
		HideSolutionNode = FALSE
	EndGlobalSection
	GlobalSection(ExtensibilityGlobals) = postSolution
		SolutionGuid = {B956C039-9FEB-4008-A82E-B4AEFA16F736}
	EndGlobalSection
EndGlobal
